// !$*UTF8*$!
{
	archiveVersion = 1;
	classes = {
	};
	objectVersion = 50;
	objects = {

/* Begin PBXBuildFile section */
		FE122A592319217A002E5B7B /* AppDelegate.swift in Sources */ = {isa = PBXBuildFile; fileRef = FE122A582319217A002E5B7B /* AppDelegate.swift */; };
		FE122A5B2319217A002E5B7B /* ViewController.swift in Sources */ = {isa = PBXBuildFile; fileRef = FE122A5A2319217A002E5B7B /* ViewController.swift */; };
		FE122A5E2319217A002E5B7B /* Main.storyboard in Resources */ = {isa = PBXBuildFile; fileRef = FE122A5C2319217A002E5B7B /* Main.storyboard */; };
		FE122A612319217A002E5B7B /* Bike_Speed.xcdatamodeld in Sources */ = {isa = PBXBuildFile; fileRef = FE122A5F2319217A002E5B7B /* Bike_Speed.xcdatamodeld */; };
		FE122A632319217D002E5B7B /* Assets.xcassets in Resources */ = {isa = PBXBuildFile; fileRef = FE122A622319217D002E5B7B /* Assets.xcassets */; };
		FE122A662319217D002E5B7B /* LaunchScreen.storyboard in Resources */ = {isa = PBXBuildFile; fileRef = FE122A642319217D002E5B7B /* LaunchScreen.storyboard */; };
		FE35C57623B6853400B389FB /* La Rochelle - N.gpx in Resources */ = {isa = PBXBuildFile; fileRef = FE35C57523B6853400B389FB /* La Rochelle - N.gpx */; };
		FE5748822322B9E0000D6444 /* LocationManager.swift in Sources */ = {isa = PBXBuildFile; fileRef = FE5748812322B9E0000D6444 /* LocationManager.swift */; };
		FE6A4C432392FADF00ED3A07 /* RoundButton.swift in Sources */ = {isa = PBXBuildFile; fileRef = FE6A4C422392FADF00ED3A07 /* RoundButton.swift */; };
		FE9BE3992431FAD1001413DE /* LunchRideViewController.swift in Sources */ = {isa = PBXBuildFile; fileRef = FE9BE3982431FAD1001413DE /* LunchRideViewController.swift */; };
		FE9BE39C2431FB7A001413DE /* HistoryViewController.swift in Sources */ = {isa = PBXBuildFile; fileRef = FE9BE39B2431FB7A001413DE /* HistoryViewController.swift */; };
		FEA981EF2388551B0047E293 /* DistanceMgr.swift in Sources */ = {isa = PBXBuildFile; fileRef = FEA981EE2388551B0047E293 /* DistanceMgr.swift */; };
		FEB37E8523DF11A000193192 /* AverageMgr.swift in Sources */ = {isa = PBXBuildFile; fileRef = FEB37E8423DF11A000193192 /* AverageMgr.swift */; };
		FEB37E8923DF171F00193192 /* maxSpeedMgr.swift in Sources */ = {isa = PBXBuildFile; fileRef = FEB37E8823DF171F00193192 /* maxSpeedMgr.swift */; };
		FEC0D9DE242DFBD1009F6F1C /* structures.swift in Sources */ = {isa = PBXBuildFile; fileRef = FEC0D9DD242DFBD1009F6F1C /* structures.swift */; };
		FECA759F242A10BC0065A2A0 /* TImerMgr.swift in Sources */ = {isa = PBXBuildFile; fileRef = FECA759E242A10BC0065A2A0 /* TImerMgr.swift */; };
		FECF2F15235F2054004018DD /* MapKit.framework in Frameworks */ = {isa = PBXBuildFile; fileRef = FECF2F14235F2054004018DD /* MapKit.framework */; };
/* End PBXBuildFile section */

/* Begin PBXFileReference section */
		FE122A552319217A002E5B7B /* Bike Speed.app */ = {isa = PBXFileReference; explicitFileType = wrapper.application; includeInIndex = 0; path = "Bike Speed.app"; sourceTree = BUILT_PRODUCTS_DIR; };
		FE122A582319217A002E5B7B /* AppDelegate.swift */ = {isa = PBXFileReference; lastKnownFileType = sourcecode.swift; path = AppDelegate.swift; sourceTree = "<group>"; };
		FE122A5A2319217A002E5B7B /* ViewController.swift */ = {isa = PBXFileReference; lastKnownFileType = sourcecode.swift; path = ViewController.swift; sourceTree = "<group>"; };
		FE122A5D2319217A002E5B7B /* Base */ = {isa = PBXFileReference; lastKnownFileType = file.storyboard; name = Base; path = Base.lproj/Main.storyboard; sourceTree = "<group>"; };
		FE122A602319217A002E5B7B /* Bike_Speed.xcdatamodel */ = {isa = PBXFileReference; lastKnownFileType = wrapper.xcdatamodel; path = Bike_Speed.xcdatamodel; sourceTree = "<group>"; };
		FE122A622319217D002E5B7B /* Assets.xcassets */ = {isa = PBXFileReference; lastKnownFileType = folder.assetcatalog; path = Assets.xcassets; sourceTree = "<group>"; };
		FE122A652319217D002E5B7B /* Base */ = {isa = PBXFileReference; lastKnownFileType = file.storyboard; name = Base; path = Base.lproj/LaunchScreen.storyboard; sourceTree = "<group>"; };
		FE122A672319217D002E5B7B /* Info.plist */ = {isa = PBXFileReference; lastKnownFileType = text.plist.xml; path = Info.plist; sourceTree = "<group>"; };
		FE35C57523B6853400B389FB /* La Rochelle - N.gpx */ = {isa = PBXFileReference; fileEncoding = 4; lastKnownFileType = text.xml; path = "La Rochelle - N.gpx"; sourceTree = "<group>"; };
		FE35C57823B6854600B389FB /* La Rochelle - Fouras.gpx */ = {isa = PBXFileReference; lastKnownFileType = text; path = "La Rochelle - Fouras.gpx"; sourceTree = "<group>"; };
		FE4D689D23B9F0B5003E54F8 /* Test file.gpx */ = {isa = PBXFileReference; lastKnownFileType = text.xml; path = "Test file.gpx"; sourceTree = "<group>"; };
		FE5748812322B9E0000D6444 /* LocationManager.swift */ = {isa = PBXFileReference; lastKnownFileType = sourcecode.swift; path = LocationManager.swift; sourceTree = "<group>"; };
		FE6A4C422392FADF00ED3A07 /* RoundButton.swift */ = {isa = PBXFileReference; lastKnownFileType = sourcecode.swift; path = RoundButton.swift; sourceTree = "<group>"; };
		FE9BE3982431FAD1001413DE /* LunchRideViewController.swift */ = {isa = PBXFileReference; lastKnownFileType = sourcecode.swift; path = LunchRideViewController.swift; sourceTree = "<group>"; };
		FE9BE39B2431FB7A001413DE /* HistoryViewController.swift */ = {isa = PBXFileReference; lastKnownFileType = sourcecode.swift; path = HistoryViewController.swift; sourceTree = "<group>"; };
		FEA981EE2388551B0047E293 /* DistanceMgr.swift */ = {isa = PBXFileReference; fileEncoding = 4; lastKnownFileType = sourcecode.swift; path = DistanceMgr.swift; sourceTree = "<group>"; };
		FEB37E8423DF11A000193192 /* AverageMgr.swift */ = {isa = PBXFileReference; lastKnownFileType = sourcecode.swift; path = AverageMgr.swift; sourceTree = "<group>"; };
		FEB37E8823DF171F00193192 /* maxSpeedMgr.swift */ = {isa = PBXFileReference; lastKnownFileType = sourcecode.swift; path = maxSpeedMgr.swift; sourceTree = "<group>"; };
		FEC0D9DD242DFBD1009F6F1C /* structures.swift */ = {isa = PBXFileReference; lastKnownFileType = sourcecode.swift; path = structures.swift; sourceTree = "<group>"; };
		FECA759E242A10BC0065A2A0 /* TImerMgr.swift */ = {isa = PBXFileReference; fileEncoding = 4; lastKnownFileType = sourcecode.swift; path = TImerMgr.swift; sourceTree = "<group>"; };
		FECF2F14235F2054004018DD /* MapKit.framework */ = {isa = PBXFileReference; lastKnownFileType = wrapper.framework; name = MapKit.framework; path = System/Library/Frameworks/MapKit.framework; sourceTree = SDKROOT; };
/* End PBXFileReference section */

/* Begin PBXFrameworksBuildPhase section */
		FE122A522319217A002E5B7B /* Frameworks */ = {
			isa = PBXFrameworksBuildPhase;
			buildActionMask = 2147483647;
			files = (
				FECF2F15235F2054004018DD /* MapKit.framework in Frameworks */,
			);
			runOnlyForDeploymentPostprocessing = 0;
		};
/* End PBXFrameworksBuildPhase section */

/* Begin PBXGroup section */
		FE122A4C2319217A002E5B7B = {
			isa = PBXGroup;
			children = (
				FE122A572319217A002E5B7B /* Bike Speed */,
				FE122A562319217A002E5B7B /* Products */,
				FECF2F13235F2054004018DD /* Frameworks */,
			);
			sourceTree = "<group>";
		};
		FE122A562319217A002E5B7B /* Products */ = {
			isa = PBXGroup;
			children = (
				FE122A552319217A002E5B7B /* Bike Speed.app */,
			);
			name = Products;
			sourceTree = "<group>";
		};
		FE122A572319217A002E5B7B /* Bike Speed */ = {
			isa = PBXGroup;
			children = (
				FE35C57723B6853B00B389FB /* Simulation GPS */,
				FE122A582319217A002E5B7B /* AppDelegate.swift */,
				FE122A622319217D002E5B7B /* Assets.xcassets */,
				FE122A672319217D002E5B7B /* Info.plist */,
				FE122A5F2319217A002E5B7B /* Bike_Speed.xcdatamodeld */,
				FE9BE39A2431FB21001413DE /* Controleur */,
				FEC0D9DF242E544E009F6F1C /* View */,
				FECA759B2429FABD0065A2A0 /* Compteur Mgr */,
			);
			path = "Bike Speed";
			sourceTree = "<group>";
		};
		FE35C57723B6853B00B389FB /* Simulation GPS */ = {
			isa = PBXGroup;
			children = (
				FE35C57823B6854600B389FB /* La Rochelle - Fouras.gpx */,
				FE35C57523B6853400B389FB /* La Rochelle - N.gpx */,
				FE4D689D23B9F0B5003E54F8 /* Test file.gpx */,
			);
			path = "Simulation GPS";
			sourceTree = "<group>";
		};
		FE9BE39A2431FB21001413DE /* Controleur */ = {
			isa = PBXGroup;
			children = (
				FE9BE3982431FAD1001413DE /* LunchRideViewController.swift */,
				FE122A5A2319217A002E5B7B /* ViewController.swift */,
				FE9BE39B2431FB7A001413DE /* HistoryViewController.swift */,
			);
			path = Controleur;
			sourceTree = "<group>";
		};
		FEC0D9DF242E544E009F6F1C /* View */ = {
			isa = PBXGroup;
			children = (
				FE122A5C2319217A002E5B7B /* Main.storyboard */,
				FE122A642319217D002E5B7B /* LaunchScreen.storyboard */,
				FE6A4C422392FADF00ED3A07 /* RoundButton.swift */,
			);
			path = View;
			sourceTree = "<group>";
		};
		FECA759B2429FABD0065A2A0 /* Compteur Mgr */ = {
			isa = PBXGroup;
			children = (
				FE5748812322B9E0000D6444 /* LocationManager.swift */,
				FEA981EE2388551B0047E293 /* DistanceMgr.swift */,
				FEB37E8823DF171F00193192 /* maxSpeedMgr.swift */,
				FEB37E8423DF11A000193192 /* AverageMgr.swift */,
				FECA759E242A10BC0065A2A0 /* TImerMgr.swift */,
				FEC0D9DD242DFBD1009F6F1C /* structures.swift */,
			);
			path = "Compteur Mgr";
			sourceTree = "<group>";
		};
		FECF2F13235F2054004018DD /* Frameworks */ = {
			isa = PBXGroup;
			children = (
				FECF2F14235F2054004018DD /* MapKit.framework */,
			);
			name = Frameworks;
			sourceTree = "<group>";
		};
/* End PBXGroup section */

/* Begin PBXNativeTarget section */
		FE122A542319217A002E5B7B /* Bike Speed */ = {
			isa = PBXNativeTarget;
			buildConfigurationList = FE122A6A2319217D002E5B7B /* Build configuration list for PBXNativeTarget "Bike Speed" */;
			buildPhases = (
				FE122A512319217A002E5B7B /* Sources */,
				FE122A522319217A002E5B7B /* Frameworks */,
				FE122A532319217A002E5B7B /* Resources */,
			);
			buildRules = (
			);
			dependencies = (
			);
			name = "Bike Speed";
			productName = "Bike Speed";
			productReference = FE122A552319217A002E5B7B /* Bike Speed.app */;
			productType = "com.apple.product-type.application";
		};
/* End PBXNativeTarget section */

/* Begin PBXProject section */
		FE122A4D2319217A002E5B7B /* Project object */ = {
			isa = PBXProject;
			attributes = {
				LastSwiftUpdateCheck = 1030;
				LastUpgradeCheck = 1030;
				ORGANIZATIONNAME = BaoCode;
				TargetAttributes = {
					FE122A542319217A002E5B7B = {
						CreatedOnToolsVersion = 10.3;
					};
				};
			};
			buildConfigurationList = FE122A502319217A002E5B7B /* Build configuration list for PBXProject "Bike Speed" */;
			compatibilityVersion = "Xcode 9.3";
			developmentRegion = en;
			hasScannedForEncodings = 0;
			knownRegions = (
				en,
				Base,
			);
			mainGroup = FE122A4C2319217A002E5B7B;
			productRefGroup = FE122A562319217A002E5B7B /* Products */;
			projectDirPath = "";
			projectRoot = "";
			targets = (
				FE122A542319217A002E5B7B /* Bike Speed */,
			);
		};
/* End PBXProject section */

/* Begin PBXResourcesBuildPhase section */
		FE122A532319217A002E5B7B /* Resources */ = {
			isa = PBXResourcesBuildPhase;
			buildActionMask = 2147483647;
			files = (
				FE122A662319217D002E5B7B /* LaunchScreen.storyboard in Resources */,
				FE122A632319217D002E5B7B /* Assets.xcassets in Resources */,
				FE35C57623B6853400B389FB /* La Rochelle - N.gpx in Resources */,
				FE122A5E2319217A002E5B7B /* Main.storyboard in Resources */,
			);
			runOnlyForDeploymentPostprocessing = 0;
		};
/* End PBXResourcesBuildPhase section */

/* Begin PBXSourcesBuildPhase section */
		FE122A512319217A002E5B7B /* Sources */ = {
			isa = PBXSourcesBuildPhase;
			buildActionMask = 2147483647;
			files = (
				FE9BE3992431FAD1001413DE /* LunchRideViewController.swift in Sources */,
				FE6A4C432392FADF00ED3A07 /* RoundButton.swift in Sources */,
				FEB37E8923DF171F00193192 /* maxSpeedMgr.swift in Sources */,
				FE9BE39C2431FB7A001413DE /* HistoryViewController.swift in Sources */,
				FE5748822322B9E0000D6444 /* LocationManager.swift in Sources */,
				FE122A612319217A002E5B7B /* Bike_Speed.xcdatamodeld in Sources */,
				FE122A5B2319217A002E5B7B /* ViewController.swift in Sources */,
				FECA759F242A10BC0065A2A0 /* TImerMgr.swift in Sources */,
				FEC0D9DE242DFBD1009F6F1C /* structures.swift in Sources */,
				FEA981EF2388551B0047E293 /* DistanceMgr.swift in Sources */,
				FEB37E8523DF11A000193192 /* AverageMgr.swift in Sources */,
				FE122A592319217A002E5B7B /* AppDelegate.swift in Sources */,
			);
			runOnlyForDeploymentPostprocessing = 0;
		};
/* End PBXSourcesBuildPhase section */

/* Begin PBXVariantGroup section */
		FE122A5C2319217A002E5B7B /* Main.storyboard */ = {
			isa = PBXVariantGroup;
			children = (
				FE122A5D2319217A002E5B7B /* Base */,
			);
			name = Main.storyboard;
			sourceTree = "<group>";
		};
		FE122A642319217D002E5B7B /* LaunchScreen.storyboard */ = {
			isa = PBXVariantGroup;
			children = (
				FE122A652319217D002E5B7B /* Base */,
			);
			name = LaunchScreen.storyboard;
			sourceTree = "<group>";
		};
/* End PBXVariantGroup section */

/* Begin XCBuildConfiguration section */
		FE122A682319217D002E5B7B /* Debug */ = {
			isa = XCBuildConfiguration;
			buildSettings = {
				ALWAYS_SEARCH_USER_PATHS = NO;
				CLANG_ANALYZER_NONNULL = YES;
				CLANG_ANALYZER_NUMBER_OBJECT_CONVERSION = YES_AGGRESSIVE;
				CLANG_CXX_LANGUAGE_STANDARD = "gnu++14";
				CLANG_CXX_LIBRARY = "libc++";
				CLANG_ENABLE_MODULES = YES;
				CLANG_ENABLE_OBJC_ARC = YES;
				CLANG_ENABLE_OBJC_WEAK = YES;
				CLANG_WARN_BLOCK_CAPTURE_AUTORELEASING = YES;
				CLANG_WARN_BOOL_CONVERSION = YES;
				CLANG_WARN_COMMA = YES;
				CLANG_WARN_CONSTANT_CONVERSION = YES;
				CLANG_WARN_DEPRECATED_OBJC_IMPLEMENTATIONS = YES;
				CLANG_WARN_DIRECT_OBJC_ISA_USAGE = YES_ERROR;
				CLANG_WARN_DOCUMENTATION_COMMENTS = YES;
				CLANG_WARN_EMPTY_BODY = YES;
				CLANG_WARN_ENUM_CONVERSION = YES;
				CLANG_WARN_INFINITE_RECURSION = YES;
				CLANG_WARN_INT_CONVERSION = YES;
				CLANG_WARN_NON_LITERAL_NULL_CONVERSION = YES;
				CLANG_WARN_OBJC_IMPLICIT_RETAIN_SELF = YES;
				CLANG_WARN_OBJC_LITERAL_CONVERSION = YES;
				CLANG_WARN_OBJC_ROOT_CLASS = YES_ERROR;
				CLANG_WARN_RANGE_LOOP_ANALYSIS = YES;
				CLANG_WARN_STRICT_PROTOTYPES = YES;
				CLANG_WARN_SUSPICIOUS_MOVE = YES;
				CLANG_WARN_UNGUARDED_AVAILABILITY = YES_AGGRESSIVE;
				CLANG_WARN_UNREACHABLE_CODE = YES;
				CLANG_WARN__DUPLICATE_METHOD_MATCH = YES;
				CODE_SIGN_IDENTITY = "iPhone Developer";
				COPY_PHASE_STRIP = NO;
				DEBUG_INFORMATION_FORMAT = dwarf;
				ENABLE_STRICT_OBJC_MSGSEND = YES;
				ENABLE_TESTABILITY = YES;
				GCC_C_LANGUAGE_STANDARD = gnu11;
				GCC_DYNAMIC_NO_PIC = NO;
				GCC_NO_COMMON_BLOCKS = YES;
				GCC_OPTIMIZATION_LEVEL = 0;
				GCC_PREPROCESSOR_DEFINITIONS = (
					"DEBUG=1",
					"$(inherited)",
				);
				GCC_WARN_64_TO_32_BIT_CONVERSION = YES;
				GCC_WARN_ABOUT_RETURN_TYPE = YES_ERROR;
				GCC_WARN_UNDECLARED_SELECTOR = YES;
				GCC_WARN_UNINITIALIZED_AUTOS = YES_AGGRESSIVE;
				GCC_WARN_UNUSED_FUNCTION = YES;
				GCC_WARN_UNUSED_VARIABLE = YES;
				IPHONEOS_DEPLOYMENT_TARGET = 12.4;
				MTL_ENABLE_DEBUG_INFO = INCLUDE_SOURCE;
				MTL_FAST_MATH = YES;
				ONLY_ACTIVE_ARCH = YES;
				SDKROOT = iphoneos;
				SWIFT_ACTIVE_COMPILATION_CONDITIONS = DEBUG;
				SWIFT_OPTIMIZATION_LEVEL = "-Onone";
			};
			name = Debug;
		};
		FE122A692319217D002E5B7B /* Release */ = {
			isa = XCBuildConfiguration;
			buildSettings = {
				ALWAYS_SEARCH_USER_PATHS = NO;
				CLANG_ANALYZER_NONNULL = YES;
				CLANG_ANALYZER_NUMBER_OBJECT_CONVERSION = YES_AGGRESSIVE;
				CLANG_CXX_LANGUAGE_STANDARD = "gnu++14";
				CLANG_CXX_LIBRARY = "libc++";
				CLANG_ENABLE_MODULES = YES;
				CLANG_ENABLE_OBJC_ARC = YES;
				CLANG_ENABLE_OBJC_WEAK = YES;
				CLANG_WARN_BLOCK_CAPTURE_AUTORELEASING = YES;
				CLANG_WARN_BOOL_CONVERSION = YES;
				CLANG_WARN_COMMA = YES;
				CLANG_WARN_CONSTANT_CONVERSION = YES;
				CLANG_WARN_DEPRECATED_OBJC_IMPLEMENTATIONS = YES;
				CLANG_WARN_DIRECT_OBJC_ISA_USAGE = YES_ERROR;
				CLANG_WARN_DOCUMENTATION_COMMENTS = YES;
				CLANG_WARN_EMPTY_BODY = YES;
				CLANG_WARN_ENUM_CONVERSION = YES;
				CLANG_WARN_INFINITE_RECURSION = YES;
				CLANG_WARN_INT_CONVERSION = YES;
				CLANG_WARN_NON_LITERAL_NULL_CONVERSION = YES;
				CLANG_WARN_OBJC_IMPLICIT_RETAIN_SELF = YES;
				CLANG_WARN_OBJC_LITERAL_CONVERSION = YES;
				CLANG_WARN_OBJC_ROOT_CLASS = YES_ERROR;
				CLANG_WARN_RANGE_LOOP_ANALYSIS = YES;
				CLANG_WARN_STRICT_PROTOTYPES = YES;
				CLANG_WARN_SUSPICIOUS_MOVE = YES;
				CLANG_WARN_UNGUARDED_AVAILABILITY = YES_AGGRESSIVE;
				CLANG_WARN_UNREACHABLE_CODE = YES;
				CLANG_WARN__DUPLICATE_METHOD_MATCH = YES;
				CODE_SIGN_IDENTITY = "iPhone Developer";
				COPY_PHASE_STRIP = NO;
				DEBUG_INFORMATION_FORMAT = "dwarf-with-dsym";
				ENABLE_NS_ASSERTIONS = NO;
				ENABLE_STRICT_OBJC_MSGSEND = YES;
				GCC_C_LANGUAGE_STANDARD = gnu11;
				GCC_NO_COMMON_BLOCKS = YES;
				GCC_WARN_64_TO_32_BIT_CONVERSION = YES;
				GCC_WARN_ABOUT_RETURN_TYPE = YES_ERROR;
				GCC_WARN_UNDECLARED_SELECTOR = YES;
				GCC_WARN_UNINITIALIZED_AUTOS = YES_AGGRESSIVE;
				GCC_WARN_UNUSED_FUNCTION = YES;
				GCC_WARN_UNUSED_VARIABLE = YES;
				IPHONEOS_DEPLOYMENT_TARGET = 12.4;
				MTL_ENABLE_DEBUG_INFO = NO;
				MTL_FAST_MATH = YES;
				SDKROOT = iphoneos;
				SWIFT_COMPILATION_MODE = wholemodule;
				SWIFT_OPTIMIZATION_LEVEL = "-O";
				VALIDATE_PRODUCT = YES;
			};
			name = Release;
		};
		FE122A6B2319217D002E5B7B /* Debug */ = {
			isa = XCBuildConfiguration;
			buildSettings = {
				ASSETCATALOG_COMPILER_APPICON_NAME = AppIcon;
				CODE_SIGN_STYLE = Manual;
				DEVELOPMENT_TEAM = J3PW8932NP;
				INFOPLIST_FILE = "Bike Speed/Info.plist";
				LD_RUNPATH_SEARCH_PATHS = (
					"$(inherited)",
					"@executable_path/Frameworks",
				);
				PRODUCT_BUNDLE_IDENTIFIER = "fr.baocode.Bike-Speed";
				PRODUCT_NAME = "$(TARGET_NAME)";
				PROVISIONING_PROFILE_SPECIFIER = ArnaudTestingPhone;
				SWIFT_VERSION = 5.0;
				TARGETED_DEVICE_FAMILY = "1,2";
			};
			name = Debug;
		};
		FE122A6C2319217D002E5B7B /* Release */ = {
			isa = XCBuildConfiguration;
			buildSettings = {
				ASSETCATALOG_COMPILER_APPICON_NAME = AppIcon;
				CODE_SIGN_STYLE = Manual;
				DEVELOPMENT_TEAM = J3PW8932NP;
				INFOPLIST_FILE = "Bike Speed/Info.plist";
				LD_RUNPATH_SEARCH_PATHS = (
					"$(inherited)",
					"@executable_path/Frameworks",
				);
				PRODUCT_BUNDLE_IDENTIFIER = "fr.baocode.Bike-Speed";
				PRODUCT_NAME = "$(TARGET_NAME)";
				PROVISIONING_PROFILE_SPECIFIER = ArnaudTestingPhone;
				SWIFT_VERSION = 5.0;
				TARGETED_DEVICE_FAMILY = "1,2";
			};
			name = Release;
		};
/* End XCBuildConfiguration section */

/* Begin XCConfigurationList section */
		FE122A502319217A002E5B7B /* Build configuration list for PBXProject "Bike Speed" */ = {
			isa = XCConfigurationList;
			buildConfigurations = (
				FE122A682319217D002E5B7B /* Debug */,
				FE122A692319217D002E5B7B /* Release */,
			);
			defaultConfigurationIsVisible = 0;
			defaultConfigurationName = Release;
		};
		FE122A6A2319217D002E5B7B /* Build configuration list for PBXNativeTarget "Bike Speed" */ = {
			isa = XCConfigurationList;
			buildConfigurations = (
				FE122A6B2319217D002E5B7B /* Debug */,
				FE122A6C2319217D002E5B7B /* Release */,
			);
			defaultConfigurationIsVisible = 0;
			defaultConfigurationName = Release;
		};
/* End XCConfigurationList section */

/* Begin XCVersionGroup section */
		FE122A5F2319217A002E5B7B /* Bike_Speed.xcdatamodeld */ = {
			isa = XCVersionGroup;
			children = (
				FE122A602319217A002E5B7B /* Bike_Speed.xcdatamodel */,
			);
			currentVersion = FE122A602319217A002E5B7B /* Bike_Speed.xcdatamodel */;
			path = Bike_Speed.xcdatamodeld;
			sourceTree = "<group>";
			versionGroupType = wrapper.xcdatamodel;
		};
/* End XCVersionGroup section */
	};
	rootObject = FE122A4D2319217A002E5B7B /* Project object */;
}
